
Microsoft Visual Studio Solution File, Format Version 12.00
# Visual Studio Version 17
VisualStudioVersion = 17.0.31903.59
MinimumVisualStudioVersion = 10.0.40219.1
Project("{2150E333-8FDC-42A3-9474-1A3956D46DE8}") = "src", "src", "{827E0CD3-B72D-47B6-A68D-7590B98EB39B}"
EndProject
Project("{FAE04EC0-301F-11D3-BF4B-00C04F79EFBC}") = "Shared", "src\Shared\Shared.csproj", "{1A739211-384F-49C8-9488-9AB84E130185}"
EndProject
Project("{FAE04EC0-301F-11D3-BF4B-00C04F79EFBC}") = "ApiGateway", "src\ApiGateway\ApiGateway.csproj", "{25BD07A7-F2F8-467A-98A1-373DDBABE100}"
EndProject
Project("{FAE04EC0-301F-11D3-BF4B-00C04F79EFBC}") = "HealthService", "src\HealthService\HealthService.csproj", "{782F255A-E288-42BA-8E93-B7CD58CD0112}"
EndProject
Project("{FAE04EC0-301F-11D3-BF4B-00C04F79EFBC}") = "OrderService", "src\OrderService\OrderService.csproj", "{4B65A506-9635-41D0-A70D-C9CF024D6DD1}"
EndProject
Project("{FAE04EC0-301F-11D3-BF4B-00C04F79EFBC}") = "ComputeService", "src\ComputeService\ComputeService.csproj", "{EA8C1184-0C44-40C1-8BDD-EB052F3ED4F5}"
EndProject
Project("{FAE04EC0-301F-11D3-BF4B-00C04F79EFBC}") = "BulkService", "src\BulkService\BulkService.csproj", "{411971AF-311A-4225-A8E4-71866EF52F97}"
EndProject
Global
	GlobalSection(SolutionConfigurationPlatforms) = preSolution
		Debug|Any CPU = Debug|Any CPU
		Debug|x64 = Debug|x64
		Debug|x86 = Debug|x86
		Release|Any CPU = Release|Any CPU
		Release|x64 = Release|x64
		Release|x86 = Release|x86
	EndGlobalSection
	GlobalSection(ProjectConfigurationPlatforms) = postSolution
		{1A739211-384F-49C8-9488-9AB84E130185}.Debug|Any CPU.ActiveCfg = Debug|Any CPU
		{1A739211-384F-49C8-9488-9AB84E130185}.Debug|Any CPU.Build.0 = Debug|Any CPU
		{1A739211-384F-49C8-9488-9AB84E130185}.Debug|x64.ActiveCfg = Debug|Any CPU
		{1A739211-384F-49C8-9488-9AB84E130185}.Debug|x64.Build.0 = Debug|Any CPU
		{1A739211-384F-49C8-9488-9AB84E130185}.Debug|x86.ActiveCfg = Debug|Any CPU
		{1A739211-384F-49C8-9488-9AB84E130185}.Debug|x86.Build.0 = Debug|Any CPU
		{1A739211-384F-49C8-9488-9AB84E130185}.Release|Any CPU.ActiveCfg = Release|Any CPU
		{1A739211-384F-49C8-9488-9AB84E130185}.Release|Any CPU.Build.0 = Release|Any CPU
		{1A739211-384F-49C8-9488-9AB84E130185}.Release|x64.ActiveCfg = Release|Any CPU
		{1A739211-384F-49C8-9488-9AB84E130185}.Release|x64.Build.0 = Release|Any CPU
		{1A739211-384F-49C8-9488-9AB84E130185}.Release|x86.ActiveCfg = Release|Any CPU
		{1A739211-384F-49C8-9488-9AB84E130185}.Release|x86.Build.0 = Release|Any CPU
		{25BD07A7-F2F8-467A-98A1-373DDBABE100}.Debug|Any CPU.ActiveCfg = Debug|Any CPU
		{25BD07A7-F2F8-467A-98A1-373DDBABE100}.Debug|Any CPU.Build.0 = Debug|Any CPU
		{25BD07A7-F2F8-467A-98A1-373DDBABE100}.Debug|x64.ActiveCfg = Debug|Any CPU
		{25BD07A7-F2F8-467A-98A1-373DDBABE100}.Debug|x64.Build.0 = Debug|Any CPU
		{25BD07A7-F2F8-467A-98A1-373DDBABE100}.Debug|x86.ActiveCfg = Debug|Any CPU
		{25BD07A7-F2F8-467A-98A1-373DDBABE100}.Debug|x86.Build.0 = Debug|Any CPU
		{25BD07A7-F2F8-467A-98A1-373DDBABE100}.Release|Any CPU.ActiveCfg = Release|Any CPU
		{25BD07A7-F2F8-467A-98A1-373DDBABE100}.Release|Any CPU.Build.0 = Release|Any CPU
		{25BD07A7-F2F8-467A-98A1-373DDBABE100}.Release|x64.ActiveCfg = Release|Any CPU
		{25BD07A7-F2F8-467A-98A1-373DDBABE100}.Release|x64.Build.0 = Release|Any CPU
		{25BD07A7-F2F8-467A-98A1-373DDBABE100}.Release|x86.ActiveCfg = Release|Any CPU
		{25BD07A7-F2F8-467A-98A1-373DDBABE100}.Release|x86.Build.0 = Release|Any CPU
		{782F255A-E288-42BA-8E93-B7CD58CD0112}.Debug|Any CPU.ActiveCfg = Debug|Any CPU
		{782F255A-E288-42BA-8E93-B7CD58CD0112}.Debug|Any CPU.Build.0 = Debug|Any CPU
		{782F255A-E288-42BA-8E93-B7CD58CD0112}.Debug|x64.ActiveCfg = Debug|Any CPU
		{782F255A-E288-42BA-8E93-B7CD58CD0112}.Debug|x64.Build.0 = Debug|Any CPU
		{782F255A-E288-42BA-8E93-B7CD58CD0112}.Debug|x86.ActiveCfg = Debug|Any CPU
		{782F255A-E288-42BA-8E93-B7CD58CD0112}.Debug|x86.Build.0 = Debug|Any CPU
		{782F255A-E288-42BA-8E93-B7CD58CD0112}.Release|Any CPU.ActiveCfg = Release|Any CPU
		{782F255A-E288-42BA-8E93-B7CD58CD0112}.Release|Any CPU.Build.0 = Release|Any CPU
		{782F255A-E288-42BA-8E93-B7CD58CD0112}.Release|x64.ActiveCfg = Release|Any CPU
		{782F255A-E288-42BA-8E93-B7CD58CD0112}.Release|x64.Build.0 = Release|Any CPU
		{782F255A-E288-42BA-8E93-B7CD58CD0112}.Release|x86.ActiveCfg = Release|Any CPU
		{782F255A-E288-42BA-8E93-B7CD58CD0112}.Release|x86.Build.0 = Release|Any CPU
		{4B65A506-9635-41D0-A70D-C9CF024D6DD1}.Debug|Any CPU.ActiveCfg = Debug|Any CPU
		{4B65A506-9635-41D0-A70D-C9CF024D6DD1}.Debug|Any CPU.Build.0 = Debug|Any CPU
		{4B65A506-9635-41D0-A70D-C9CF024D6DD1}.Debug|x64.ActiveCfg = Debug|Any CPU
		{4B65A506-9635-41D0-A70D-C9CF024D6DD1}.Debug|x64.Build.0 = Debug|Any CPU
		{4B65A506-9635-41D0-A70D-C9CF024D6DD1}.Debug|x86.ActiveCfg = Debug|Any CPU
		{4B65A506-9635-41D0-A70D-C9CF024D6DD1}.Debug|x86.Build.0 = Debug|Any CPU
		{4B65A506-9635-41D0-A70D-C9CF024D6DD1}.Release|Any CPU.ActiveCfg = Release|Any CPU
		{4B65A506-9635-41D0-A70D-C9CF024D6DD1}.Release|Any CPU.Build.0 = Release|Any CPU
		{4B65A506-9635-41D0-A70D-C9CF024D6DD1}.Release|x64.ActiveCfg = Release|Any CPU
		{4B65A506-9635-41D0-A70D-C9CF024D6DD1}.Release|x64.Build.0 = Release|Any CPU
		{4B65A506-9635-41D0-A70D-C9CF024D6DD1}.Release|x86.ActiveCfg = Release|Any CPU
		{4B65A506-9635-41D0-A70D-C9CF024D6DD1}.Release|x86.Build.0 = Release|Any CPU
		{EA8C1184-0C44-40C1-8BDD-EB052F3ED4F5}.Debug|Any CPU.ActiveCfg = Debug|Any CPU
		{EA8C1184-0C44-40C1-8BDD-EB052F3ED4F5}.Debug|Any CPU.Build.0 = Debug|Any CPU
		{EA8C1184-0C44-40C1-8BDD-EB052F3ED4F5}.Debug|x64.ActiveCfg = Debug|Any CPU
		{EA8C1184-0C44-40C1-8BDD-EB052F3ED4F5}.Debug|x64.Build.0 = Debug|Any CPU
		{EA8C1184-0C44-40C1-8BDD-EB052F3ED4F5}.Debug|x86.ActiveCfg = Debug|Any CPU
		{EA8C1184-0C44-40C1-8BDD-EB052F3ED4F5}.Debug|x86.Build.0 = Debug|Any CPU
		{EA8C1184-0C44-40C1-8BDD-EB052F3ED4F5}.Release|Any CPU.ActiveCfg = Release|Any CPU
		{EA8C1184-0C44-40C1-8BDD-EB052F3ED4F5}.Release|Any CPU.Build.0 = Release|Any CPU
		{EA8C1184-0C44-40C1-8BDD-EB052F3ED4F5}.Release|x64.ActiveCfg = Release|Any CPU
		{EA8C1184-0C44-40C1-8BDD-EB052F3ED4F5}.Release|x64.Build.0 = Release|Any CPU
		{EA8C1184-0C44-40C1-8BDD-EB052F3ED4F5}.Release|x86.ActiveCfg = Release|Any CPU
		{EA8C1184-0C44-40C1-8BDD-EB052F3ED4F5}.Release|x86.Build.0 = Release|Any CPU
		{411971AF-311A-4225-A8E4-71866EF52F97}.Debug|Any CPU.ActiveCfg = Debug|Any CPU
		{411971AF-311A-4225-A8E4-71866EF52F97}.Debug|Any CPU.Build.0 = Debug|Any CPU
		{411971AF-311A-4225-A8E4-71866EF52F97}.Debug|x64.ActiveCfg = Debug|Any CPU
		{411971AF-311A-4225-A8E4-71866EF52F97}.Debug|x64.Build.0 = Debug|Any CPU
		{411971AF-311A-4225-A8E4-71866EF52F97}.Debug|x86.ActiveCfg = Debug|Any CPU
		{411971AF-311A-4225-A8E4-71866EF52F97}.Debug|x86.Build.0 = Debug|Any CPU
		{411971AF-311A-4225-A8E4-71866EF52F97}.Release|Any CPU.ActiveCfg = Release|Any CPU
		{411971AF-311A-4225-A8E4-71866EF52F97}.Release|Any CPU.Build.0 = Release|Any CPU
		{411971AF-311A-4225-A8E4-71866EF52F97}.Release|x64.ActiveCfg = Release|Any CPU
		{411971AF-311A-4225-A8E4-71866EF52F97}.Release|x64.Build.0 = Release|Any CPU
		{411971AF-311A-4225-A8E4-71866EF52F97}.Release|x86.ActiveCfg = Release|Any CPU
		{411971AF-311A-4225-A8E4-71866EF52F97}.Release|x86.Build.0 = Release|Any CPU
	EndGlobalSection
	GlobalSection(SolutionProperties) = preSolution
		HideSolutionNode = FALSE
	EndGlobalSection
	GlobalSection(NestedProjects) = preSolution
		{1A739211-384F-49C8-9488-9AB84E130185} = {827E0CD3-B72D-47B6-A68D-7590B98EB39B}
		{25BD07A7-F2F8-467A-98A1-373DDBABE100} = {827E0CD3-B72D-47B6-A68D-7590B98EB39B}
		{782F255A-E288-42BA-8E93-B7CD58CD0112} = {827E0CD3-B72D-47B6-A68D-7590B98EB39B}
		{4B65A506-9635-41D0-A70D-C9CF024D6DD1} = {827E0CD3-B72D-47B6-A68D-7590B98EB39B}
		{EA8C1184-0C44-40C1-8BDD-EB052F3ED4F5} = {827E0CD3-B72D-47B6-A68D-7590B98EB39B}
		{411971AF-311A-4225-A8E4-71866EF52F97} = {827E0CD3-B72D-47B6-A68D-7590B98EB39B}
	EndGlobalSection
EndGlobal
